
Microsoft Visual Studio Solution File, Format Version 11.00
# Visual Studio 2010
Project("{8BC9CEB8-8B4A-11D0-8D11-00A0C91BC942}") = "postfix", "mp2-lab3-postfix\mp2-lab3-postfix.vcxproj", "{9AC3ECFF-678B-4593-9721-53EA7D4320B4}"
EndProject
Project("{8BC9CEB8-8B4A-11D0-8D11-00A0C91BC942}") = "sample_list", "sample_list\sample_list.vcxproj", "{2C10B141-5AEC-4BB2-A278-C412E4F1E16D}"
EndProject
Project("{8BC9CEB8-8B4A-11D0-8D11-00A0C91BC942}") = "sample_stack", "sample_stack\sample_stack.vcxproj", "{D504001E-00F6-498C-8A02-BE4359C89BE0}"
	ProjectSection(ProjectDependencies) = postProject
		{9AC3ECFF-678B-4593-9721-53EA7D4320B4} = {9AC3ECFF-678B-4593-9721-53EA7D4320B4}
	EndProjectSection
EndProject
Project("{8BC9CEB8-8B4A-11D0-8D11-00A0C91BC942}") = "gtest", "gtest\gtest.vcxproj", "{EF5FB393-0F57-440F-9198-E1875CBE7EBC}"
EndProject
Project("{8BC9CEB8-8B4A-11D0-8D11-00A0C91BC942}") = "test_postfix", "test_postfix\test_postfix.vcxproj", "{627A693B-3A2B-4949-95D4-E65EB42D9F05}"
EndProject
Project("{8BC9CEB8-8B4A-11D0-8D11-00A0C91BC942}") = "sample_postfix", "sample_postfix\sample_postfix.vcxproj", "{F13E6F83-2AA3-4F2C-9974-5739472C2275}"
EndProject
Global
	GlobalSection(SolutionConfigurationPlatforms) = preSolution
		Debug|Win32 = Debug|Win32
		Release|Win32 = Release|Win32
	EndGlobalSection
	GlobalSection(ProjectConfigurationPlatforms) = postSolution
		{9AC3ECFF-678B-4593-9721-53EA7D4320B4}.Debug|Win32.ActiveCfg = Debug|Win32
		{9AC3ECFF-678B-4593-9721-53EA7D4320B4}.Debug|Win32.Build.0 = Debug|Win32
		{9AC3ECFF-678B-4593-9721-53EA7D4320B4}.Release|Win32.ActiveCfg = Release|Win32
		{9AC3ECFF-678B-4593-9721-53EA7D4320B4}.Release|Win32.Build.0 = Release|Win32
		{2C10B141-5AEC-4BB2-A278-C412E4F1E16D}.Debug|Win32.ActiveCfg = Debug|Win32
		{2C10B141-5AEC-4BB2-A278-C412E4F1E16D}.Debug|Win32.Build.0 = Debug|Win32
		{2C10B141-5AEC-4BB2-A278-C412E4F1E16D}.Release|Win32.ActiveCfg = Release|Win32
		{2C10B141-5AEC-4BB2-A278-C412E4F1E16D}.Release|Win32.Build.0 = Release|Win32
		{D504001E-00F6-498C-8A02-BE4359C89BE0}.Debug|Win32.ActiveCfg = Debug|Win32
		{D504001E-00F6-498C-8A02-BE4359C89BE0}.Debug|Win32.Build.0 = Debug|Win32
		{D504001E-00F6-498C-8A02-BE4359C89BE0}.Release|Win32.ActiveCfg = Release|Win32
		{D504001E-00F6-498C-8A02-BE4359C89BE0}.Release|Win32.Build.0 = Release|Win32
		{EF5FB393-0F57-440F-9198-E1875CBE7EBC}.Debug|Win32.ActiveCfg = Debug|Win32
		{EF5FB393-0F57-440F-9198-E1875CBE7EBC}.Debug|Win32.Build.0 = Debug|Win32
		{EF5FB393-0F57-440F-9198-E1875CBE7EBC}.Release|Win32.ActiveCfg = Release|Win32
		{EF5FB393-0F57-440F-9198-E1875CBE7EBC}.Release|Win32.Build.0 = Release|Win32
		{627A693B-3A2B-4949-95D4-E65EB42D9F05}.Debug|Win32.ActiveCfg = Debug|Win32
		{627A693B-3A2B-4949-95D4-E65EB42D9F05}.Debug|Win32.Build.0 = Debug|Win32
		{627A693B-3A2B-4949-95D4-E65EB42D9F05}.Release|Win32.ActiveCfg = Release|Win32
		{627A693B-3A2B-4949-95D4-E65EB42D9F05}.Release|Win32.Build.0 = Release|Win32
		{F13E6F83-2AA3-4F2C-9974-5739472C2275}.Debug|Win32.ActiveCfg = Debug|Win32
		{F13E6F83-2AA3-4F2C-9974-5739472C2275}.Debug|Win32.Build.0 = Debug|Win32
		{F13E6F83-2AA3-4F2C-9974-5739472C2275}.Release|Win32.ActiveCfg = Release|Win32
		{F13E6F83-2AA3-4F2C-9974-5739472C2275}.Release|Win32.Build.0 = Release|Win32
	EndGlobalSection
	GlobalSection(SolutionProperties) = preSolution
		HideSolutionNode = FALSE
	EndGlobalSection
EndGlobal
