
Microsoft Visual Studio Solution File, Format Version 11.00
# Visual Studio 2010
Project("{8BC9CEB8-8B4A-11D0-8D11-00A0C91BC942}") = "postfix", "mp2-lab3-postfix.vcxproj", "{C6BE058C-BAAE-4A21-A079-427B3FA79E33}"
EndProject
Project("{8BC9CEB8-8B4A-11D0-8D11-00A0C91BC942}") = "gtest", "gtest\gtest.vcxproj", "{CF58C4E8-1ABF-491A-AEBD-97A5F3FEB783}"
EndProject
Project("{8BC9CEB8-8B4A-11D0-8D11-00A0C91BC942}") = "sample_list", "sample_list\sample_list.vcxproj", "{AAF2FAF9-5F31-48A8-BFB1-B115CCA5E6F8}"
	ProjectSection(ProjectDependencies) = postProject
		{C6BE058C-BAAE-4A21-A079-427B3FA79E33} = {C6BE058C-BAAE-4A21-A079-427B3FA79E33}
	EndProjectSection
EndProject
Project("{8BC9CEB8-8B4A-11D0-8D11-00A0C91BC942}") = "sample_postfix", "sample_postfi\sample_postfi.vcxproj", "{4B10486C-ABC8-4CEF-A42E-F5DF6BC0CF2B}"
	ProjectSection(ProjectDependencies) = postProject
		{C6BE058C-BAAE-4A21-A079-427B3FA79E33} = {C6BE058C-BAAE-4A21-A079-427B3FA79E33}
	EndProjectSection
EndProject
Project("{8BC9CEB8-8B4A-11D0-8D11-00A0C91BC942}") = "sample_stack", "sample_stack\sample_stack.vcxproj", "{E2596A18-8487-4258-8B16-A8A3F71FB9BD}"
	ProjectSection(ProjectDependencies) = postProject
		{C6BE058C-BAAE-4A21-A079-427B3FA79E33} = {C6BE058C-BAAE-4A21-A079-427B3FA79E33}
	EndProjectSection
EndProject
Project("{8BC9CEB8-8B4A-11D0-8D11-00A0C91BC942}") = "test_postfix", "test_postfix\test_postfix.vcxproj", "{8D0B53F4-3D04-473E-94DD-99C28818E451}"
	ProjectSection(ProjectDependencies) = postProject
		{CF58C4E8-1ABF-491A-AEBD-97A5F3FEB783} = {CF58C4E8-1ABF-491A-AEBD-97A5F3FEB783}
	EndProjectSection
EndProject
Global
	GlobalSection(SolutionConfigurationPlatforms) = preSolution
		Debug|Win32 = Debug|Win32
		Release|Win32 = Release|Win32
	EndGlobalSection
	GlobalSection(ProjectConfigurationPlatforms) = postSolution
		{C6BE058C-BAAE-4A21-A079-427B3FA79E33}.Debug|Win32.ActiveCfg = Debug|Win32
		{C6BE058C-BAAE-4A21-A079-427B3FA79E33}.Debug|Win32.Build.0 = Debug|Win32
		{C6BE058C-BAAE-4A21-A079-427B3FA79E33}.Release|Win32.ActiveCfg = Release|Win32
		{C6BE058C-BAAE-4A21-A079-427B3FA79E33}.Release|Win32.Build.0 = Release|Win32
		{CF58C4E8-1ABF-491A-AEBD-97A5F3FEB783}.Debug|Win32.ActiveCfg = Debug|Win32
		{CF58C4E8-1ABF-491A-AEBD-97A5F3FEB783}.Debug|Win32.Build.0 = Debug|Win32
		{CF58C4E8-1ABF-491A-AEBD-97A5F3FEB783}.Release|Win32.ActiveCfg = Release|Win32
		{CF58C4E8-1ABF-491A-AEBD-97A5F3FEB783}.Release|Win32.Build.0 = Release|Win32
		{AAF2FAF9-5F31-48A8-BFB1-B115CCA5E6F8}.Debug|Win32.ActiveCfg = Debug|Win32
		{AAF2FAF9-5F31-48A8-BFB1-B115CCA5E6F8}.Debug|Win32.Build.0 = Debug|Win32
		{AAF2FAF9-5F31-48A8-BFB1-B115CCA5E6F8}.Release|Win32.ActiveCfg = Release|Win32
		{AAF2FAF9-5F31-48A8-BFB1-B115CCA5E6F8}.Release|Win32.Build.0 = Release|Win32
		{4B10486C-ABC8-4CEF-A42E-F5DF6BC0CF2B}.Debug|Win32.ActiveCfg = Debug|Win32
		{4B10486C-ABC8-4CEF-A42E-F5DF6BC0CF2B}.Debug|Win32.Build.0 = Debug|Win32
		{4B10486C-ABC8-4CEF-A42E-F5DF6BC0CF2B}.Release|Win32.ActiveCfg = Release|Win32
		{4B10486C-ABC8-4CEF-A42E-F5DF6BC0CF2B}.Release|Win32.Build.0 = Release|Win32
		{E2596A18-8487-4258-8B16-A8A3F71FB9BD}.Debug|Win32.ActiveCfg = Debug|Win32
		{E2596A18-8487-4258-8B16-A8A3F71FB9BD}.Debug|Win32.Build.0 = Debug|Win32
		{E2596A18-8487-4258-8B16-A8A3F71FB9BD}.Release|Win32.ActiveCfg = Release|Win32
		{E2596A18-8487-4258-8B16-A8A3F71FB9BD}.Release|Win32.Build.0 = Release|Win32
		{8D0B53F4-3D04-473E-94DD-99C28818E451}.Debug|Win32.ActiveCfg = Debug|Win32
		{8D0B53F4-3D04-473E-94DD-99C28818E451}.Debug|Win32.Build.0 = Debug|Win32
		{8D0B53F4-3D04-473E-94DD-99C28818E451}.Release|Win32.ActiveCfg = Release|Win32
		{8D0B53F4-3D04-473E-94DD-99C28818E451}.Release|Win32.Build.0 = Release|Win32
	EndGlobalSection
	GlobalSection(SolutionProperties) = preSolution
		HideSolutionNode = FALSE
	EndGlobalSection
EndGlobal
