Microsoft Visual Studio Solution File, Format Version 12.00
# Visual Studio 2012
Project("{8BC9CEB8-8B4A-11D0-8D11-00A0C91BC942}") = "ALL_BUILD", "ALL_BUILD.vcxproj", "{861BBAB9-831A-424B-B138-52FADD9A3A80}"
	ProjectSection(ProjectDependencies) = postProject
		{2A9CA8CC-4E71-45FD-9472-7B30159B0F81} = {2A9CA8CC-4E71-45FD-9472-7B30159B0F81}
		{CE0A7302-E756-4990-BE8C-A3ECB97B76BE} = {CE0A7302-E756-4990-BE8C-A3ECB97B76BE}
		{EC927C21-376B-4992-9066-A84EBA4DB6F8} = {EC927C21-376B-4992-9066-A84EBA4DB6F8}
		{90365EE7-E8E0-43D6-9B44-FAECCFEC7C0A} = {90365EE7-E8E0-43D6-9B44-FAECCFEC7C0A}
		{AB102AE4-F901-4521-B929-F4192BC12FC6} = {AB102AE4-F901-4521-B929-F4192BC12FC6}
		{93DA0E52-707C-48C3-A71C-157D3C0FECC6} = {93DA0E52-707C-48C3-A71C-157D3C0FECC6}
		{7AB99BAF-E945-481E-B8C1-0B371A904390} = {7AB99BAF-E945-481E-B8C1-0B371A904390}
	EndProjectSection
EndProject
Project("{8BC9CEB8-8B4A-11D0-8D11-00A0C91BC942}") = "ZERO_CHECK", "ZERO_CHECK.vcxproj", "{2A9CA8CC-4E71-45FD-9472-7B30159B0F81}"
	ProjectSection(ProjectDependencies) = postProject
	EndProjectSection
EndProject
Project("{8BC9CEB8-8B4A-11D0-8D11-00A0C91BC942}") = "gtest", "gtest\gtest.vcxproj", "{CE0A7302-E756-4990-BE8C-A3ECB97B76BE}"
	ProjectSection(ProjectDependencies) = postProject
		{2A9CA8CC-4E71-45FD-9472-7B30159B0F81} = {2A9CA8CC-4E71-45FD-9472-7B30159B0F81}
	EndProjectSection
EndProject
Project("{8BC9CEB8-8B4A-11D0-8D11-00A0C91BC942}") = "mp2-lab3-postfix", "src\mp2-lab3-postfix.vcxproj", "{EC927C21-376B-4992-9066-A84EBA4DB6F8}"
	ProjectSection(ProjectDependencies) = postProject
		{2A9CA8CC-4E71-45FD-9472-7B30159B0F81} = {2A9CA8CC-4E71-45FD-9472-7B30159B0F81}
	EndProjectSection
EndProject
Project("{8BC9CEB8-8B4A-11D0-8D11-00A0C91BC942}") = "sample_list", "sample\sample_list.vcxproj", "{90365EE7-E8E0-43D6-9B44-FAECCFEC7C0A}"
	ProjectSection(ProjectDependencies) = postProject
		{2A9CA8CC-4E71-45FD-9472-7B30159B0F81} = {2A9CA8CC-4E71-45FD-9472-7B30159B0F81}
		{EC927C21-376B-4992-9066-A84EBA4DB6F8} = {EC927C21-376B-4992-9066-A84EBA4DB6F8}
	EndProjectSection
EndProject
Project("{8BC9CEB8-8B4A-11D0-8D11-00A0C91BC942}") = "sample_postfix", "sample\sample_postfix.vcxproj", "{AB102AE4-F901-4521-B929-F4192BC12FC6}"
	ProjectSection(ProjectDependencies) = postProject
		{2A9CA8CC-4E71-45FD-9472-7B30159B0F81} = {2A9CA8CC-4E71-45FD-9472-7B30159B0F81}
		{EC927C21-376B-4992-9066-A84EBA4DB6F8} = {EC927C21-376B-4992-9066-A84EBA4DB6F8}
	EndProjectSection
EndProject
Project("{8BC9CEB8-8B4A-11D0-8D11-00A0C91BC942}") = "sample_stack", "sample\sample_stack.vcxproj", "{93DA0E52-707C-48C3-A71C-157D3C0FECC6}"
	ProjectSection(ProjectDependencies) = postProject
		{2A9CA8CC-4E71-45FD-9472-7B30159B0F81} = {2A9CA8CC-4E71-45FD-9472-7B30159B0F81}
		{EC927C21-376B-4992-9066-A84EBA4DB6F8} = {EC927C21-376B-4992-9066-A84EBA4DB6F8}
	EndProjectSection
EndProject
Project("{8BC9CEB8-8B4A-11D0-8D11-00A0C91BC942}") = "test_mp2-lab3-postfix", "test\test_mp2-lab3-postfix.vcxproj", "{7AB99BAF-E945-481E-B8C1-0B371A904390}"
	ProjectSection(ProjectDependencies) = postProject
		{2A9CA8CC-4E71-45FD-9472-7B30159B0F81} = {2A9CA8CC-4E71-45FD-9472-7B30159B0F81}
		{CE0A7302-E756-4990-BE8C-A3ECB97B76BE} = {CE0A7302-E756-4990-BE8C-A3ECB97B76BE}
		{EC927C21-376B-4992-9066-A84EBA4DB6F8} = {EC927C21-376B-4992-9066-A84EBA4DB6F8}
	EndProjectSection
EndProject
Global
	GlobalSection(SolutionConfigurationPlatforms) = preSolution
		Debug|Win32 = Debug|Win32
		Release|Win32 = Release|Win32
	EndGlobalSection
	GlobalSection(ProjectConfigurationPlatforms) = postSolution
		{861BBAB9-831A-424B-B138-52FADD9A3A80}.Debug|Win32.ActiveCfg = Debug|Win32
		{861BBAB9-831A-424B-B138-52FADD9A3A80}.Release|Win32.ActiveCfg = Release|Win32
		{2A9CA8CC-4E71-45FD-9472-7B30159B0F81}.Debug|Win32.ActiveCfg = Debug|Win32
		{2A9CA8CC-4E71-45FD-9472-7B30159B0F81}.Debug|Win32.Build.0 = Debug|Win32
		{2A9CA8CC-4E71-45FD-9472-7B30159B0F81}.Release|Win32.ActiveCfg = Release|Win32
		{2A9CA8CC-4E71-45FD-9472-7B30159B0F81}.Release|Win32.Build.0 = Release|Win32
		{CE0A7302-E756-4990-BE8C-A3ECB97B76BE}.Debug|Win32.ActiveCfg = Debug|Win32
		{CE0A7302-E756-4990-BE8C-A3ECB97B76BE}.Debug|Win32.Build.0 = Debug|Win32
		{CE0A7302-E756-4990-BE8C-A3ECB97B76BE}.Release|Win32.ActiveCfg = Release|Win32
		{CE0A7302-E756-4990-BE8C-A3ECB97B76BE}.Release|Win32.Build.0 = Release|Win32
		{EC927C21-376B-4992-9066-A84EBA4DB6F8}.Debug|Win32.ActiveCfg = Debug|Win32
		{EC927C21-376B-4992-9066-A84EBA4DB6F8}.Debug|Win32.Build.0 = Debug|Win32
		{EC927C21-376B-4992-9066-A84EBA4DB6F8}.Release|Win32.ActiveCfg = Release|Win32
		{EC927C21-376B-4992-9066-A84EBA4DB6F8}.Release|Win32.Build.0 = Release|Win32
		{90365EE7-E8E0-43D6-9B44-FAECCFEC7C0A}.Debug|Win32.ActiveCfg = Debug|Win32
		{90365EE7-E8E0-43D6-9B44-FAECCFEC7C0A}.Debug|Win32.Build.0 = Debug|Win32
		{90365EE7-E8E0-43D6-9B44-FAECCFEC7C0A}.Release|Win32.ActiveCfg = Release|Win32
		{90365EE7-E8E0-43D6-9B44-FAECCFEC7C0A}.Release|Win32.Build.0 = Release|Win32
		{AB102AE4-F901-4521-B929-F4192BC12FC6}.Debug|Win32.ActiveCfg = Debug|Win32
		{AB102AE4-F901-4521-B929-F4192BC12FC6}.Debug|Win32.Build.0 = Debug|Win32
		{AB102AE4-F901-4521-B929-F4192BC12FC6}.Release|Win32.ActiveCfg = Release|Win32
		{AB102AE4-F901-4521-B929-F4192BC12FC6}.Release|Win32.Build.0 = Release|Win32
		{93DA0E52-707C-48C3-A71C-157D3C0FECC6}.Debug|Win32.ActiveCfg = Debug|Win32
		{93DA0E52-707C-48C3-A71C-157D3C0FECC6}.Debug|Win32.Build.0 = Debug|Win32
		{93DA0E52-707C-48C3-A71C-157D3C0FECC6}.Release|Win32.ActiveCfg = Release|Win32
		{93DA0E52-707C-48C3-A71C-157D3C0FECC6}.Release|Win32.Build.0 = Release|Win32
		{7AB99BAF-E945-481E-B8C1-0B371A904390}.Debug|Win32.ActiveCfg = Debug|Win32
		{7AB99BAF-E945-481E-B8C1-0B371A904390}.Debug|Win32.Build.0 = Debug|Win32
		{7AB99BAF-E945-481E-B8C1-0B371A904390}.Release|Win32.ActiveCfg = Release|Win32
		{7AB99BAF-E945-481E-B8C1-0B371A904390}.Release|Win32.Build.0 = Release|Win32
	EndGlobalSection
	GlobalSection(ExtensibilityGlobals) = postSolution
	EndGlobalSection
	GlobalSection(ExtensibilityAddIns) = postSolution
	EndGlobalSection
EndGlobal
